
Microsoft Visual Studio Solution File, Format Version 12.00
# Visual Studio Version 17
VisualStudioVersion = 17.4.33403.182
MinimumVisualStudioVersion = 10.0.40219.1
Project("{FAE04EC0-301F-11D3-BF4B-00C04F79EFBC}") = "GameWithObjects", "GameWithObjects\GameWithObjects.csproj", "{0D7B456B-2031-4554-9638-0B29010DBE6F}"
EndProject
Global
	GlobalSection(SolutionConfigurationPlatforms) = preSolution
		Debug|Any CPU = Debug|Any CPU
		Release|Any CPU = Release|Any CPU
	EndGlobalSection
	GlobalSection(ProjectConfigurationPlatforms) = postSolution
		{0D7B456B-2031-4554-9638-0B29010DBE6F}.Debug|Any CPU.ActiveCfg = Debug|Any CPU
		{0D7B456B-2031-4554-9638-0B29010DBE6F}.Debug|Any CPU.Build.0 = Debug|Any CPU
		{0D7B456B-2031-4554-9638-0B29010DBE6F}.Release|Any CPU.ActiveCfg = Release|Any CPU
		{0D7B456B-2031-4554-9638-0B29010DBE6F}.Release|Any CPU.Build.0 = Release|Any CPU
	EndGlobalSection
	GlobalSection(SolutionProperties) = preSolution
		HideSolutionNode = FALSE
	EndGlobalSection
	GlobalSection(ExtensibilityGlobals) = postSolution
		SolutionGuid = {04510629-7DA3-44C8-88BE-B59748C9EBA7}
	EndGlobalSection
EndGlobal
